
Microsoft Visual Studio Solution File, Format Version 12.00
# Visual Studio 2017
Project("{FAE04EC0-301F-11D3-BF4B-00C04F79EFBC}") = "ComradeGames3", "ComradeGames3.csproj", "{C91CFED0-0ACC-7D37-EC04-AA88CF857685}"
EndProject
Project("{FAE04EC0-301F-11D3-BF4B-00C04F79EFBC}") = "ComradeGames3.Plugins", "ComradeGames3.Plugins.csproj", "{62CC7A66-5064-E3D6-8247-270B5CB4E2BA}"
EndProject
Global
	GlobalSection(SolutionConfigurationPlatforms) = preSolution
		Debug|Any CPU = Debug|Any CPU
		Release|Any CPU = Release|Any CPU
	EndGlobalSection
	GlobalSection(ProjectConfigurationPlatforms) = postSolution
		{C91CFED0-0ACC-7D37-EC04-AA88CF857685}.Debug|Any CPU.ActiveCfg = Debug|Any CPU
		{C91CFED0-0ACC-7D37-EC04-AA88CF857685}.Debug|Any CPU.Build.0 = Debug|Any CPU
		{C91CFED0-0ACC-7D37-EC04-AA88CF857685}.Release|Any CPU.ActiveCfg = Release|Any CPU
		{C91CFED0-0ACC-7D37-EC04-AA88CF857685}.Release|Any CPU.Build.0 = Release|Any CPU
		{62CC7A66-5064-E3D6-8247-270B5CB4E2BA}.Debug|Any CPU.ActiveCfg = Debug|Any CPU
		{62CC7A66-5064-E3D6-8247-270B5CB4E2BA}.Debug|Any CPU.Build.0 = Debug|Any CPU
		{62CC7A66-5064-E3D6-8247-270B5CB4E2BA}.Release|Any CPU.ActiveCfg = Release|Any CPU
		{62CC7A66-5064-E3D6-8247-270B5CB4E2BA}.Release|Any CPU.Build.0 = Release|Any CPU
	EndGlobalSection
	GlobalSection(SolutionProperties) = preSolution
		HideSolutionNode = FALSE
	EndGlobalSection
EndGlobal
